
Microsoft Visual Studio Solution File, Format Version 12.00
# Visual Studio Version 16
VisualStudioVersion = 16.0.31205.134
MinimumVisualStudioVersion = 10.0.40219.1
Project("{FAE04EC0-301F-11D3-BF4B-00C04F79EFBC}") = "Beyzin Kalonka Home Work", "Beyzin Kalonka Home Work\Beyzin Kalonka Home Work.csproj", "{1D905238-01BE-44D0-8547-CA1E571A5235}"
EndProject
Global
	GlobalSection(SolutionConfigurationPlatforms) = preSolution
		Debug|Any CPU = Debug|Any CPU
		Release|Any CPU = Release|Any CPU
	EndGlobalSection
	GlobalSection(ProjectConfigurationPlatforms) = postSolution
		{1D905238-01BE-44D0-8547-CA1E571A5235}.Debug|Any CPU.ActiveCfg = Debug|Any CPU
		{1D905238-01BE-44D0-8547-CA1E571A5235}.Debug|Any CPU.Build.0 = Debug|Any CPU
		{1D905238-01BE-44D0-8547-CA1E571A5235}.Release|Any CPU.ActiveCfg = Release|Any CPU
		{1D905238-01BE-44D0-8547-CA1E571A5235}.Release|Any CPU.Build.0 = Release|Any CPU
	EndGlobalSection
	GlobalSection(SolutionProperties) = preSolution
		HideSolutionNode = FALSE
	EndGlobalSection
	GlobalSection(ExtensibilityGlobals) = postSolution
		SolutionGuid = {78AB81B0-FF17-4631-8441-ADA29C953681}
	EndGlobalSection
EndGlobal
